
Microsoft Visual Studio Solution File, Format Version 12.00
# Visual Studio Version 17
VisualStudioVersion = 17.4.33213.308
MinimumVisualStudioVersion = 10.0.40219.1
Project("{9A19103F-16F7-4668-BE54-9A1E7A4F7556}") = "EasySave_CLI", "EasySave_CLI\EasySave_CLI.csproj", "{2210CBA9-B880-46D1-AABF-B0168434080A}"
EndProject
Project("{9A19103F-16F7-4668-BE54-9A1E7A4F7556}") = "EasySave_WPF", "EasySave_WPF\EasySave_WPF.csproj", "{31539477-9635-43CC-B8FF-A52F1ABB98A2}"
EndProject
Global
	GlobalSection(SolutionConfigurationPlatforms) = preSolution
		Debug|Any CPU = Debug|Any CPU
		Release|Any CPU = Release|Any CPU
	EndGlobalSection
	GlobalSection(ProjectConfigurationPlatforms) = postSolution
		{2210CBA9-B880-46D1-AABF-B0168434080A}.Debug|Any CPU.ActiveCfg = Debug|Any CPU
		{2210CBA9-B880-46D1-AABF-B0168434080A}.Debug|Any CPU.Build.0 = Debug|Any CPU
		{2210CBA9-B880-46D1-AABF-B0168434080A}.Release|Any CPU.ActiveCfg = Release|Any CPU
		{2210CBA9-B880-46D1-AABF-B0168434080A}.Release|Any CPU.Build.0 = Release|Any CPU
		{31539477-9635-43CC-B8FF-A52F1ABB98A2}.Debug|Any CPU.ActiveCfg = Debug|Any CPU
		{31539477-9635-43CC-B8FF-A52F1ABB98A2}.Debug|Any CPU.Build.0 = Debug|Any CPU
		{31539477-9635-43CC-B8FF-A52F1ABB98A2}.Release|Any CPU.ActiveCfg = Release|Any CPU
		{31539477-9635-43CC-B8FF-A52F1ABB98A2}.Release|Any CPU.Build.0 = Release|Any CPU
	EndGlobalSection
	GlobalSection(SolutionProperties) = preSolution
		HideSolutionNode = FALSE
	EndGlobalSection
	GlobalSection(ExtensibilityGlobals) = postSolution
		SolutionGuid = {70783853-7CA3-4DF3-B165-4E0873EB3E21}
	EndGlobalSection
EndGlobal
