
Microsoft Visual Studio Solution File, Format Version 12.00
# Visual Studio Version 17
VisualStudioVersion = 17.4.33213.308
MinimumVisualStudioVersion = 10.0.40219.1
Project("{9A19103F-16F7-4668-BE54-9A1E7A4F7556}") = "EasySave_CLI", "EasySave_CLI\EasySave_CLI.csproj", "{959B8967-66C5-455B-A9CD-13555B59FCEF}"
EndProject
Project("{9A19103F-16F7-4668-BE54-9A1E7A4F7556}") = "EasySave_WPF", "EasySave_WPF\EasySave_WPF.csproj", "{8EFF46BC-2FF1-4A5D-ACB3-F6E6CE2D3ED3}"
EndProject
Project("{FAE04EC0-301F-11D3-BF4B-00C04F79EFBC}") = "AppCore", "AppCore\AppCore.csproj", "{A958940A-49EB-40E5-A6E2-9FA0BFFDD38B}"
EndProject
Global
	GlobalSection(SolutionConfigurationPlatforms) = preSolution
		Debug|Any CPU = Debug|Any CPU
		Release|Any CPU = Release|Any CPU
	EndGlobalSection
	GlobalSection(ProjectConfigurationPlatforms) = postSolution
		{959B8967-66C5-455B-A9CD-13555B59FCEF}.Debug|Any CPU.ActiveCfg = Debug|Any CPU
		{959B8967-66C5-455B-A9CD-13555B59FCEF}.Debug|Any CPU.Build.0 = Debug|Any CPU
		{959B8967-66C5-455B-A9CD-13555B59FCEF}.Release|Any CPU.ActiveCfg = Release|Any CPU
		{959B8967-66C5-455B-A9CD-13555B59FCEF}.Release|Any CPU.Build.0 = Release|Any CPU
		{8EFF46BC-2FF1-4A5D-ACB3-F6E6CE2D3ED3}.Debug|Any CPU.ActiveCfg = Debug|Any CPU
		{8EFF46BC-2FF1-4A5D-ACB3-F6E6CE2D3ED3}.Debug|Any CPU.Build.0 = Debug|Any CPU
		{8EFF46BC-2FF1-4A5D-ACB3-F6E6CE2D3ED3}.Release|Any CPU.ActiveCfg = Release|Any CPU
		{8EFF46BC-2FF1-4A5D-ACB3-F6E6CE2D3ED3}.Release|Any CPU.Build.0 = Release|Any CPU
		{A958940A-49EB-40E5-A6E2-9FA0BFFDD38B}.Debug|Any CPU.ActiveCfg = Debug|Any CPU
		{A958940A-49EB-40E5-A6E2-9FA0BFFDD38B}.Debug|Any CPU.Build.0 = Debug|Any CPU
		{A958940A-49EB-40E5-A6E2-9FA0BFFDD38B}.Release|Any CPU.ActiveCfg = Release|Any CPU
		{A958940A-49EB-40E5-A6E2-9FA0BFFDD38B}.Release|Any CPU.Build.0 = Release|Any CPU
	EndGlobalSection
	GlobalSection(SolutionProperties) = preSolution
		HideSolutionNode = FALSE
	EndGlobalSection
	GlobalSection(ExtensibilityGlobals) = postSolution
		SolutionGuid = {70783853-7CA3-4DF3-B165-4E0873EB3E21}
	EndGlobalSection
EndGlobal
